
Microsoft Visual Studio Solution File, Format Version 12.00
# Visual Studio 15
VisualStudioVersion = 15.0.27428.2015
MinimumVisualStudioVersion = 10.0.40219.1
Project("{FAE04EC0-301F-11D3-BF4B-00C04F79EFBC}") = "mil_grau", "mil_grau\mil_grau.csproj", "{2B6E70DC-FD35-4DE5-A5C9-2459CAC534C7}"
EndProject
Global
	GlobalSection(SolutionConfigurationPlatforms) = preSolution
		Debug|Any CPU = Debug|Any CPU
		Release|Any CPU = Release|Any CPU
	EndGlobalSection
	GlobalSection(ProjectConfigurationPlatforms) = postSolution
		{2B6E70DC-FD35-4DE5-A5C9-2459CAC534C7}.Debug|Any CPU.ActiveCfg = Debug|Any CPU
		{2B6E70DC-FD35-4DE5-A5C9-2459CAC534C7}.Debug|Any CPU.Build.0 = Debug|Any CPU
		{2B6E70DC-FD35-4DE5-A5C9-2459CAC534C7}.Release|Any CPU.ActiveCfg = Release|Any CPU
		{2B6E70DC-FD35-4DE5-A5C9-2459CAC534C7}.Release|Any CPU.Build.0 = Release|Any CPU
	EndGlobalSection
	GlobalSection(SolutionProperties) = preSolution
		HideSolutionNode = FALSE
	EndGlobalSection
	GlobalSection(ExtensibilityGlobals) = postSolution
		SolutionGuid = {560C638B-58BB-4408-99A8-99711B791305}
	EndGlobalSection
EndGlobal
